
Microsoft Visual Studio Solution File, Format Version 12.00
# Visual Studio Version 17
VisualStudioVersion = 17.7.34031.279
MinimumVisualStudioVersion = 10.0.40219.1
Project("{FAE04EC0-301F-11D3-BF4B-00C04F79EFBC}") = "WebAPI", "WebAPI\WebAPI.csproj", "{A317E5FB-46CE-4E7B-9A67-B35BE9FE40F8}"
EndProject
Project("{FAE04EC0-301F-11D3-BF4B-00C04F79EFBC}") = "Persistence", "Persistence\Persistence.csproj", "{03302FE0-F508-48A3-8C2B-DA32C143D515}"
EndProject
Project("{FAE04EC0-301F-11D3-BF4B-00C04F79EFBC}") = "Domain", "Domain\Domain.csproj", "{F125A85B-9C2D-4103-803D-5C72A7E22421}"
EndProject
Project("{FAE04EC0-301F-11D3-BF4B-00C04F79EFBC}") = "Application", "Application\Application.csproj", "{83675867-B609-411C-8020-931EA9C21EC3}"
EndProject
Project("{FAE04EC0-301F-11D3-BF4B-00C04F79EFBC}") = "Infrastructure", "Infrastructure\Infrastructure.csproj", "{B8448807-10D4-4C52-B720-DD79B1166CB4}"
EndProject
Global
	GlobalSection(SolutionConfigurationPlatforms) = preSolution
		Debug|Any CPU = Debug|Any CPU
		Release|Any CPU = Release|Any CPU
	EndGlobalSection
	GlobalSection(ProjectConfigurationPlatforms) = postSolution
		{A317E5FB-46CE-4E7B-9A67-B35BE9FE40F8}.Debug|Any CPU.ActiveCfg = Debug|Any CPU
		{A317E5FB-46CE-4E7B-9A67-B35BE9FE40F8}.Debug|Any CPU.Build.0 = Debug|Any CPU
		{A317E5FB-46CE-4E7B-9A67-B35BE9FE40F8}.Release|Any CPU.ActiveCfg = Release|Any CPU
		{A317E5FB-46CE-4E7B-9A67-B35BE9FE40F8}.Release|Any CPU.Build.0 = Release|Any CPU
		{03302FE0-F508-48A3-8C2B-DA32C143D515}.Debug|Any CPU.ActiveCfg = Debug|Any CPU
		{03302FE0-F508-48A3-8C2B-DA32C143D515}.Debug|Any CPU.Build.0 = Debug|Any CPU
		{03302FE0-F508-48A3-8C2B-DA32C143D515}.Release|Any CPU.ActiveCfg = Release|Any CPU
		{03302FE0-F508-48A3-8C2B-DA32C143D515}.Release|Any CPU.Build.0 = Release|Any CPU
		{F125A85B-9C2D-4103-803D-5C72A7E22421}.Debug|Any CPU.ActiveCfg = Debug|Any CPU
		{F125A85B-9C2D-4103-803D-5C72A7E22421}.Debug|Any CPU.Build.0 = Debug|Any CPU
		{F125A85B-9C2D-4103-803D-5C72A7E22421}.Release|Any CPU.ActiveCfg = Release|Any CPU
		{F125A85B-9C2D-4103-803D-5C72A7E22421}.Release|Any CPU.Build.0 = Release|Any CPU
		{83675867-B609-411C-8020-931EA9C21EC3}.Debug|Any CPU.ActiveCfg = Debug|Any CPU
		{83675867-B609-411C-8020-931EA9C21EC3}.Debug|Any CPU.Build.0 = Debug|Any CPU
		{83675867-B609-411C-8020-931EA9C21EC3}.Release|Any CPU.ActiveCfg = Release|Any CPU
		{83675867-B609-411C-8020-931EA9C21EC3}.Release|Any CPU.Build.0 = Release|Any CPU
		{B8448807-10D4-4C52-B720-DD79B1166CB4}.Debug|Any CPU.ActiveCfg = Debug|Any CPU
		{B8448807-10D4-4C52-B720-DD79B1166CB4}.Debug|Any CPU.Build.0 = Debug|Any CPU
		{B8448807-10D4-4C52-B720-DD79B1166CB4}.Release|Any CPU.ActiveCfg = Release|Any CPU
		{B8448807-10D4-4C52-B720-DD79B1166CB4}.Release|Any CPU.Build.0 = Release|Any CPU
	EndGlobalSection
	GlobalSection(SolutionProperties) = preSolution
		HideSolutionNode = FALSE
	EndGlobalSection
	GlobalSection(ExtensibilityGlobals) = postSolution
		SolutionGuid = {154A8285-B8E2-4788-8007-C033843FD99C}
	EndGlobalSection
EndGlobal
